Microsoft Visual Studio Solution File, Format Version 12.00
# Visual Studio Version 17
VisualStudioVersion = 17.5.2.0
MinimumVisualStudioVersion = 10.0.40219.1
Project("{FAE04EC0-301F-11D3-BF4B-00C04F79EFBC}") = "GameDiscovery.API", "GameDiscovery.API.csproj", "{62575D97-324D-1AD6-B547-81621F09ACBA}"
EndProject
Global
	GlobalSection(SolutionConfigurationPlatforms) = preSolution
		Debug|Any CPU = Debug|Any CPU
		Release|Any CPU = Release|Any CPU
	EndGlobalSection
	GlobalSection(ProjectConfigurationPlatforms) = postSolution
		{62575D97-324D-1AD6-B547-81621F09ACBA}.Debug|Any CPU.ActiveCfg = Debug|Any CPU
		{62575D97-324D-1AD6-B547-81621F09ACBA}.Debug|Any CPU.Build.0 = Debug|Any CPU
		{62575D97-324D-1AD6-B547-81621F09ACBA}.Release|Any CPU.ActiveCfg = Release|Any CPU
		{62575D97-324D-1AD6-B547-81621F09ACBA}.Release|Any CPU.Build.0 = Release|Any CPU
	EndGlobalSection
	GlobalSection(SolutionProperties) = preSolution
		HideSolutionNode = FALSE
	EndGlobalSection
	GlobalSection(ExtensibilityGlobals) = postSolution
		SolutionGuid = {EA5FEB66-95D7-43C5-BF43-2623A9A7DD74}
	EndGlobalSection
EndGlobal
